
Microsoft Visual Studio Solution File, Format Version 12.00
# Visual Studio Version 17
VisualStudioVersion = 17.6.33723.286
MinimumVisualStudioVersion = 10.0.40219.1
Project("{FAE04EC0-301F-11D3-BF4B-00C04F79EFBC}") = "HolaMundoAPI", "HolaMundoAPI\HolaMundoAPI.csproj", "{1267D286-0707-44F0-9B0F-259108BC9490}"
EndProject
Global
	GlobalSection(SolutionConfigurationPlatforms) = preSolution
		Debug|Any CPU = Debug|Any CPU
		Release|Any CPU = Release|Any CPU
	EndGlobalSection
	GlobalSection(ProjectConfigurationPlatforms) = postSolution
		{1267D286-0707-44F0-9B0F-259108BC9490}.Debug|Any CPU.ActiveCfg = Debug|Any CPU
		{1267D286-0707-44F0-9B0F-259108BC9490}.Debug|Any CPU.Build.0 = Debug|Any CPU
		{1267D286-0707-44F0-9B0F-259108BC9490}.Release|Any CPU.ActiveCfg = Release|Any CPU
		{1267D286-0707-44F0-9B0F-259108BC9490}.Release|Any CPU.Build.0 = Release|Any CPU
	EndGlobalSection
	GlobalSection(SolutionProperties) = preSolution
		HideSolutionNode = FALSE
	EndGlobalSection
	GlobalSection(ExtensibilityGlobals) = postSolution
		SolutionGuid = {714AFFE7-AF90-40D5-AEEF-13EA7F8E4A19}
	EndGlobalSection
EndGlobal
